
Microsoft Visual Studio Solution File, Format Version 12.00
# Visual Studio Version 17
VisualStudioVersion = 17.0.31903.59
MinimumVisualStudioVersion = 10.0.40219.1
Project("{FAE04EC0-301F-11D3-BF4B-00C04F79EFBC}") = "bmcs_app", "src\bmcs_app\bmcs_app.csproj", "{CF52CCBF-6472-4528-9367-EA6F36452A75}"
EndProject
Project("{FAE04EC0-301F-11D3-BF4B-00C04F79EFBC}") = "bmcs_app.Core", "src\bmcs_app.Core\bmcs_app.Core.csproj", "{EBE47439-0080-4B3B-8169-F1B95F31CE69}"
EndProject
Project("{FAE04EC0-301F-11D3-BF4B-00C04F79EFBC}") = "bmcs_app.Infrastructure", "src\bmcs_app.Infrastructure\bmcs_app.Infrastructure.csproj", "{D16E645E-C766-4621-BB4F-62B81A3C9DA1}"
EndProject
Project("{FAE04EC0-301F-11D3-BF4B-00C04F79EFBC}") = "bmcs_app.Order", "src\bmcs_app.Order\bmcs_app.Order.csproj", "{CB52C2C0-E81E-4376-A864-6D663DF27178}"
EndProject
Project("{FAE04EC0-301F-11D3-BF4B-00C04F79EFBC}") = "bmcs_app.Sales", "src\bmcs_app.Sales\bmcs_app.Sales.csproj", "{8E34E36B-1F47-497A-B9CC-B0DA5B61C1C9}"
EndProject
Project("{FAE04EC0-301F-11D3-BF4B-00C04F79EFBC}") = "bmcs_app.Receipt", "src\bmcs_app.Receipt\bmcs_app.Receipt.csproj", "{00D51CA8-798E-411F-B702-BCB1ED5258C1}"
EndProject
Project("{FAE04EC0-301F-11D3-BF4B-00C04F79EFBC}") = "bmcs_app.Closing", "src\bmcs_app.Closing\bmcs_app.Closing.csproj", "{61B95C11-CEBC-458C-B840-9712C687442D}"
EndProject
Project("{FAE04EC0-301F-11D3-BF4B-00C04F79EFBC}") = "bmcs_app.Master", "src\bmcs_app.Master\bmcs_app.Master.csproj", "{A1B2C3D4-E5F6-7890-ABCD-EF1234567890}"
EndProject
Project("{2150E333-8FDC-42A3-9474-1A3956D46DE8}") = "src", "src", "{827E0CD3-B72D-47B6-A68D-7590B98EB39B}"
EndProject
Project("{FAE04EC0-301F-11D3-BF4B-00C04F79EFBC}") = "bmcs_app.Search", "src\bmcs_app.Search\bmcs_app.Search.csproj", "{D86D020C-A62D-45B1-98C0-8BD9EEE96D6C}"
EndProject
Project("{FAE04EC0-301F-11D3-BF4B-00C04F79EFBC}") = "bmcs_app.Shared", "src\bmcs_app.Shared\bmcs_app.Shared.csproj", "{99B64F2D-F334-4ED3-B1F2-422253FA57EE}"
EndProject
Project("{FAE04EC0-301F-11D3-BF4B-00C04F79EFBC}") = "bmcs_app.PurchaseOrder", "src\bmcs_app.PurchaseOrder\bmcs_app.PurchaseOrder.csproj", "{B1C2D3E4-F5A6-7890-BCDE-F12345678901}"
EndProject
Project("{FAE04EC0-301F-11D3-BF4B-00C04F79EFBC}") = "bmcs_app.Purchase", "src\bmcs_app.Purchase\bmcs_app.Purchase.csproj", "{C2D3E4F5-A6B7-8901-CDEF-012345678902}"
EndProject
Project("{FAE04EC0-301F-11D3-BF4B-00C04F79EFBC}") = "bmcs_app.Payment", "src\bmcs_app.Payment\bmcs_app.Payment.csproj", "{D3E4F5A6-B7C8-9012-DEF0-123456789003}"
EndProject
Project("{FAE04EC0-301F-11D3-BF4B-00C04F79EFBC}") = "bmcs_app.PurchaseSearch", "src\bmcs_app.PurchaseSearch\bmcs_app.PurchaseSearch.csproj", "{E4F5A6B7-C8D9-0123-EF01-234567890A04}"
EndProject
Project("{FAE04EC0-301F-11D3-BF4B-00C04F79EFBC}") = "bmcs_app.Inventory", "src\bmcs_app.Inventory\bmcs_app.Inventory.csproj", "{0BB06E05-5C21-4A42-A59D-F73EF1A557FD}"
EndProject
Global
	GlobalSection(SolutionConfigurationPlatforms) = preSolution
		Debug|Any CPU = Debug|Any CPU
		Debug|x64 = Debug|x64
		Debug|x86 = Debug|x86
		Release|Any CPU = Release|Any CPU
		Release|x64 = Release|x64
		Release|x86 = Release|x86
	EndGlobalSection
	GlobalSection(ProjectConfigurationPlatforms) = postSolution
		{CF52CCBF-6472-4528-9367-EA6F36452A75}.Debug|Any CPU.ActiveCfg = Debug|Any CPU
		{CF52CCBF-6472-4528-9367-EA6F36452A75}.Debug|Any CPU.Build.0 = Debug|Any CPU
		{CF52CCBF-6472-4528-9367-EA6F36452A75}.Debug|x64.ActiveCfg = Debug|Any CPU
		{CF52CCBF-6472-4528-9367-EA6F36452A75}.Debug|x64.Build.0 = Debug|Any CPU
		{CF52CCBF-6472-4528-9367-EA6F36452A75}.Debug|x86.ActiveCfg = Debug|Any CPU
		{CF52CCBF-6472-4528-9367-EA6F36452A75}.Debug|x86.Build.0 = Debug|Any CPU
		{CF52CCBF-6472-4528-9367-EA6F36452A75}.Release|Any CPU.ActiveCfg = Release|Any CPU
		{CF52CCBF-6472-4528-9367-EA6F36452A75}.Release|Any CPU.Build.0 = Release|Any CPU
		{CF52CCBF-6472-4528-9367-EA6F36452A75}.Release|x64.ActiveCfg = Release|Any CPU
		{CF52CCBF-6472-4528-9367-EA6F36452A75}.Release|x64.Build.0 = Release|Any CPU
		{CF52CCBF-6472-4528-9367-EA6F36452A75}.Release|x86.ActiveCfg = Release|Any CPU
		{CF52CCBF-6472-4528-9367-EA6F36452A75}.Release|x86.Build.0 = Release|Any CPU
		{EBE47439-0080-4B3B-8169-F1B95F31CE69}.Debug|Any CPU.ActiveCfg = Debug|Any CPU
		{EBE47439-0080-4B3B-8169-F1B95F31CE69}.Debug|Any CPU.Build.0 = Debug|Any CPU
		{EBE47439-0080-4B3B-8169-F1B95F31CE69}.Debug|x64.ActiveCfg = Debug|Any CPU
		{EBE47439-0080-4B3B-8169-F1B95F31CE69}.Debug|x64.Build.0 = Debug|Any CPU
		{EBE47439-0080-4B3B-8169-F1B95F31CE69}.Debug|x86.ActiveCfg = Debug|Any CPU
		{EBE47439-0080-4B3B-8169-F1B95F31CE69}.Debug|x86.Build.0 = Debug|Any CPU
		{EBE47439-0080-4B3B-8169-F1B95F31CE69}.Release|Any CPU.ActiveCfg = Release|Any CPU
		{EBE47439-0080-4B3B-8169-F1B95F31CE69}.Release|Any CPU.Build.0 = Release|Any CPU
		{EBE47439-0080-4B3B-8169-F1B95F31CE69}.Release|x64.ActiveCfg = Release|Any CPU
		{EBE47439-0080-4B3B-8169-F1B95F31CE69}.Release|x64.Build.0 = Release|Any CPU
		{EBE47439-0080-4B3B-8169-F1B95F31CE69}.Release|x86.ActiveCfg = Release|Any CPU
		{EBE47439-0080-4B3B-8169-F1B95F31CE69}.Release|x86.Build.0 = Release|Any CPU
		{D16E645E-C766-4621-BB4F-62B81A3C9DA1}.Debug|Any CPU.ActiveCfg = Debug|Any CPU
		{D16E645E-C766-4621-BB4F-62B81A3C9DA1}.Debug|Any CPU.Build.0 = Debug|Any CPU
		{D16E645E-C766-4621-BB4F-62B81A3C9DA1}.Debug|x64.ActiveCfg = Debug|Any CPU
		{D16E645E-C766-4621-BB4F-62B81A3C9DA1}.Debug|x64.Build.0 = Debug|Any CPU
		{D16E645E-C766-4621-BB4F-62B81A3C9DA1}.Debug|x86.ActiveCfg = Debug|Any CPU
		{D16E645E-C766-4621-BB4F-62B81A3C9DA1}.Debug|x86.Build.0 = Debug|Any CPU
		{D16E645E-C766-4621-BB4F-62B81A3C9DA1}.Release|Any CPU.ActiveCfg = Release|Any CPU
		{D16E645E-C766-4621-BB4F-62B81A3C9DA1}.Release|Any CPU.Build.0 = Release|Any CPU
		{D16E645E-C766-4621-BB4F-62B81A3C9DA1}.Release|x64.ActiveCfg = Release|Any CPU
		{D16E645E-C766-4621-BB4F-62B81A3C9DA1}.Release|x64.Build.0 = Release|Any CPU
		{D16E645E-C766-4621-BB4F-62B81A3C9DA1}.Release|x86.ActiveCfg = Release|Any CPU
		{D16E645E-C766-4621-BB4F-62B81A3C9DA1}.Release|x86.Build.0 = Release|Any CPU
		{CB52C2C0-E81E-4376-A864-6D663DF27178}.Debug|Any CPU.ActiveCfg = Debug|Any CPU
		{CB52C2C0-E81E-4376-A864-6D663DF27178}.Debug|Any CPU.Build.0 = Debug|Any CPU
		{CB52C2C0-E81E-4376-A864-6D663DF27178}.Debug|x64.ActiveCfg = Debug|Any CPU
		{CB52C2C0-E81E-4376-A864-6D663DF27178}.Debug|x64.Build.0 = Debug|Any CPU
		{CB52C2C0-E81E-4376-A864-6D663DF27178}.Debug|x86.ActiveCfg = Debug|Any CPU
		{CB52C2C0-E81E-4376-A864-6D663DF27178}.Debug|x86.Build.0 = Debug|Any CPU
		{CB52C2C0-E81E-4376-A864-6D663DF27178}.Release|Any CPU.ActiveCfg = Release|Any CPU
		{CB52C2C0-E81E-4376-A864-6D663DF27178}.Release|Any CPU.Build.0 = Release|Any CPU
		{CB52C2C0-E81E-4376-A864-6D663DF27178}.Release|x64.ActiveCfg = Release|Any CPU
		{CB52C2C0-E81E-4376-A864-6D663DF27178}.Release|x64.Build.0 = Release|Any CPU
		{CB52C2C0-E81E-4376-A864-6D663DF27178}.Release|x86.ActiveCfg = Release|Any CPU
		{CB52C2C0-E81E-4376-A864-6D663DF27178}.Release|x86.Build.0 = Release|Any CPU
		{8E34E36B-1F47-497A-B9CC-B0DA5B61C1C9}.Debug|Any CPU.ActiveCfg = Debug|Any CPU
		{8E34E36B-1F47-497A-B9CC-B0DA5B61C1C9}.Debug|Any CPU.Build.0 = Debug|Any CPU
		{8E34E36B-1F47-497A-B9CC-B0DA5B61C1C9}.Debug|x64.ActiveCfg = Debug|Any CPU
		{8E34E36B-1F47-497A-B9CC-B0DA5B61C1C9}.Debug|x64.Build.0 = Debug|Any CPU
		{8E34E36B-1F47-497A-B9CC-B0DA5B61C1C9}.Debug|x86.ActiveCfg = Debug|Any CPU
		{8E34E36B-1F47-497A-B9CC-B0DA5B61C1C9}.Debug|x86.Build.0 = Debug|Any CPU
		{8E34E36B-1F47-497A-B9CC-B0DA5B61C1C9}.Release|Any CPU.ActiveCfg = Release|Any CPU
		{8E34E36B-1F47-497A-B9CC-B0DA5B61C1C9}.Release|Any CPU.Build.0 = Release|Any CPU
		{8E34E36B-1F47-497A-B9CC-B0DA5B61C1C9}.Release|x64.ActiveCfg = Release|Any CPU
		{8E34E36B-1F47-497A-B9CC-B0DA5B61C1C9}.Release|x64.Build.0 = Release|Any CPU
		{8E34E36B-1F47-497A-B9CC-B0DA5B61C1C9}.Release|x86.ActiveCfg = Release|Any CPU
		{8E34E36B-1F47-497A-B9CC-B0DA5B61C1C9}.Release|x86.Build.0 = Release|Any CPU
		{00D51CA8-798E-411F-B702-BCB1ED5258C1}.Debug|Any CPU.ActiveCfg = Debug|Any CPU
		{00D51CA8-798E-411F-B702-BCB1ED5258C1}.Debug|Any CPU.Build.0 = Debug|Any CPU
		{00D51CA8-798E-411F-B702-BCB1ED5258C1}.Debug|x64.ActiveCfg = Debug|Any CPU
		{00D51CA8-798E-411F-B702-BCB1ED5258C1}.Debug|x64.Build.0 = Debug|Any CPU
		{00D51CA8-798E-411F-B702-BCB1ED5258C1}.Debug|x86.ActiveCfg = Debug|Any CPU
		{00D51CA8-798E-411F-B702-BCB1ED5258C1}.Debug|x86.Build.0 = Debug|Any CPU
		{00D51CA8-798E-411F-B702-BCB1ED5258C1}.Release|Any CPU.ActiveCfg = Release|Any CPU
		{00D51CA8-798E-411F-B702-BCB1ED5258C1}.Release|Any CPU.Build.0 = Release|Any CPU
		{00D51CA8-798E-411F-B702-BCB1ED5258C1}.Release|x64.ActiveCfg = Release|Any CPU
		{00D51CA8-798E-411F-B702-BCB1ED5258C1}.Release|x64.Build.0 = Release|Any CPU
		{00D51CA8-798E-411F-B702-BCB1ED5258C1}.Release|x86.ActiveCfg = Release|Any CPU
		{00D51CA8-798E-411F-B702-BCB1ED5258C1}.Release|x86.Build.0 = Release|Any CPU
		{61B95C11-CEBC-458C-B840-9712C687442D}.Debug|Any CPU.ActiveCfg = Debug|Any CPU
		{61B95C11-CEBC-458C-B840-9712C687442D}.Debug|Any CPU.Build.0 = Debug|Any CPU
		{61B95C11-CEBC-458C-B840-9712C687442D}.Debug|x64.ActiveCfg = Debug|Any CPU
		{61B95C11-CEBC-458C-B840-9712C687442D}.Debug|x64.Build.0 = Debug|Any CPU
		{61B95C11-CEBC-458C-B840-9712C687442D}.Debug|x86.ActiveCfg = Debug|Any CPU
		{61B95C11-CEBC-458C-B840-9712C687442D}.Debug|x86.Build.0 = Debug|Any CPU
		{61B95C11-CEBC-458C-B840-9712C687442D}.Release|Any CPU.ActiveCfg = Release|Any CPU
		{61B95C11-CEBC-458C-B840-9712C687442D}.Release|Any CPU.Build.0 = Release|Any CPU
		{61B95C11-CEBC-458C-B840-9712C687442D}.Release|x64.ActiveCfg = Release|Any CPU
		{61B95C11-CEBC-458C-B840-9712C687442D}.Release|x64.Build.0 = Release|Any CPU
		{61B95C11-CEBC-458C-B840-9712C687442D}.Release|x86.ActiveCfg = Release|Any CPU
		{61B95C11-CEBC-458C-B840-9712C687442D}.Release|x86.Build.0 = Release|Any CPU
		{A1B2C3D4-E5F6-7890-ABCD-EF1234567890}.Debug|Any CPU.ActiveCfg = Debug|Any CPU
		{A1B2C3D4-E5F6-7890-ABCD-EF1234567890}.Debug|Any CPU.Build.0 = Debug|Any CPU
		{A1B2C3D4-E5F6-7890-ABCD-EF1234567890}.Debug|x64.ActiveCfg = Debug|Any CPU
		{A1B2C3D4-E5F6-7890-ABCD-EF1234567890}.Debug|x64.Build.0 = Debug|Any CPU
		{A1B2C3D4-E5F6-7890-ABCD-EF1234567890}.Debug|x86.ActiveCfg = Debug|Any CPU
		{A1B2C3D4-E5F6-7890-ABCD-EF1234567890}.Debug|x86.Build.0 = Debug|Any CPU
		{A1B2C3D4-E5F6-7890-ABCD-EF1234567890}.Release|Any CPU.ActiveCfg = Release|Any CPU
		{A1B2C3D4-E5F6-7890-ABCD-EF1234567890}.Release|Any CPU.Build.0 = Release|Any CPU
		{A1B2C3D4-E5F6-7890-ABCD-EF1234567890}.Release|x64.ActiveCfg = Release|Any CPU
		{A1B2C3D4-E5F6-7890-ABCD-EF1234567890}.Release|x64.Build.0 = Release|Any CPU
		{A1B2C3D4-E5F6-7890-ABCD-EF1234567890}.Release|x86.ActiveCfg = Release|Any CPU
		{A1B2C3D4-E5F6-7890-ABCD-EF1234567890}.Release|x86.Build.0 = Release|Any CPU
		{D86D020C-A62D-45B1-98C0-8BD9EEE96D6C}.Debug|Any CPU.ActiveCfg = Debug|Any CPU
		{D86D020C-A62D-45B1-98C0-8BD9EEE96D6C}.Debug|Any CPU.Build.0 = Debug|Any CPU
		{D86D020C-A62D-45B1-98C0-8BD9EEE96D6C}.Debug|x64.ActiveCfg = Debug|Any CPU
		{D86D020C-A62D-45B1-98C0-8BD9EEE96D6C}.Debug|x64.Build.0 = Debug|Any CPU
		{D86D020C-A62D-45B1-98C0-8BD9EEE96D6C}.Debug|x86.ActiveCfg = Debug|Any CPU
		{D86D020C-A62D-45B1-98C0-8BD9EEE96D6C}.Debug|x86.Build.0 = Debug|Any CPU
		{D86D020C-A62D-45B1-98C0-8BD9EEE96D6C}.Release|Any CPU.ActiveCfg = Release|Any CPU
		{D86D020C-A62D-45B1-98C0-8BD9EEE96D6C}.Release|Any CPU.Build.0 = Release|Any CPU
		{D86D020C-A62D-45B1-98C0-8BD9EEE96D6C}.Release|x64.ActiveCfg = Release|Any CPU
		{D86D020C-A62D-45B1-98C0-8BD9EEE96D6C}.Release|x64.Build.0 = Release|Any CPU
		{D86D020C-A62D-45B1-98C0-8BD9EEE96D6C}.Release|x86.ActiveCfg = Release|Any CPU
		{D86D020C-A62D-45B1-98C0-8BD9EEE96D6C}.Release|x86.Build.0 = Release|Any CPU
		{99B64F2D-F334-4ED3-B1F2-422253FA57EE}.Debug|Any CPU.ActiveCfg = Debug|Any CPU
		{99B64F2D-F334-4ED3-B1F2-422253FA57EE}.Debug|Any CPU.Build.0 = Debug|Any CPU
		{99B64F2D-F334-4ED3-B1F2-422253FA57EE}.Debug|x64.ActiveCfg = Debug|Any CPU
		{99B64F2D-F334-4ED3-B1F2-422253FA57EE}.Debug|x64.Build.0 = Debug|Any CPU
		{99B64F2D-F334-4ED3-B1F2-422253FA57EE}.Debug|x86.ActiveCfg = Debug|Any CPU
		{99B64F2D-F334-4ED3-B1F2-422253FA57EE}.Debug|x86.Build.0 = Debug|Any CPU
		{99B64F2D-F334-4ED3-B1F2-422253FA57EE}.Release|Any CPU.ActiveCfg = Release|Any CPU
		{99B64F2D-F334-4ED3-B1F2-422253FA57EE}.Release|Any CPU.Build.0 = Release|Any CPU
		{99B64F2D-F334-4ED3-B1F2-422253FA57EE}.Release|x64.ActiveCfg = Release|Any CPU
		{99B64F2D-F334-4ED3-B1F2-422253FA57EE}.Release|x64.Build.0 = Release|Any CPU
		{99B64F2D-F334-4ED3-B1F2-422253FA57EE}.Release|x86.ActiveCfg = Release|Any CPU
		{99B64F2D-F334-4ED3-B1F2-422253FA57EE}.Release|x86.Build.0 = Release|Any CPU
		{B1C2D3E4-F5A6-7890-BCDE-F12345678901}.Debug|Any CPU.ActiveCfg = Debug|Any CPU
		{B1C2D3E4-F5A6-7890-BCDE-F12345678901}.Debug|Any CPU.Build.0 = Debug|Any CPU
		{B1C2D3E4-F5A6-7890-BCDE-F12345678901}.Debug|x64.ActiveCfg = Debug|Any CPU
		{B1C2D3E4-F5A6-7890-BCDE-F12345678901}.Debug|x64.Build.0 = Debug|Any CPU
		{B1C2D3E4-F5A6-7890-BCDE-F12345678901}.Debug|x86.ActiveCfg = Debug|Any CPU
		{B1C2D3E4-F5A6-7890-BCDE-F12345678901}.Debug|x86.Build.0 = Debug|Any CPU
		{B1C2D3E4-F5A6-7890-BCDE-F12345678901}.Release|Any CPU.ActiveCfg = Release|Any CPU
		{B1C2D3E4-F5A6-7890-BCDE-F12345678901}.Release|Any CPU.Build.0 = Release|Any CPU
		{B1C2D3E4-F5A6-7890-BCDE-F12345678901}.Release|x64.ActiveCfg = Release|Any CPU
		{B1C2D3E4-F5A6-7890-BCDE-F12345678901}.Release|x64.Build.0 = Release|Any CPU
		{B1C2D3E4-F5A6-7890-BCDE-F12345678901}.Release|x86.ActiveCfg = Release|Any CPU
		{B1C2D3E4-F5A6-7890-BCDE-F12345678901}.Release|x86.Build.0 = Release|Any CPU
		{C2D3E4F5-A6B7-8901-CDEF-012345678902}.Debug|Any CPU.ActiveCfg = Debug|Any CPU
		{C2D3E4F5-A6B7-8901-CDEF-012345678902}.Debug|Any CPU.Build.0 = Debug|Any CPU
		{C2D3E4F5-A6B7-8901-CDEF-012345678902}.Debug|x64.ActiveCfg = Debug|Any CPU
		{C2D3E4F5-A6B7-8901-CDEF-012345678902}.Debug|x64.Build.0 = Debug|Any CPU
		{C2D3E4F5-A6B7-8901-CDEF-012345678902}.Debug|x86.ActiveCfg = Debug|Any CPU
		{C2D3E4F5-A6B7-8901-CDEF-012345678902}.Debug|x86.Build.0 = Debug|Any CPU
		{C2D3E4F5-A6B7-8901-CDEF-012345678902}.Release|Any CPU.ActiveCfg = Release|Any CPU
		{C2D3E4F5-A6B7-8901-CDEF-012345678902}.Release|Any CPU.Build.0 = Release|Any CPU
		{C2D3E4F5-A6B7-8901-CDEF-012345678902}.Release|x64.ActiveCfg = Release|Any CPU
		{C2D3E4F5-A6B7-8901-CDEF-012345678902}.Release|x64.Build.0 = Release|Any CPU
		{C2D3E4F5-A6B7-8901-CDEF-012345678902}.Release|x86.ActiveCfg = Release|Any CPU
		{C2D3E4F5-A6B7-8901-CDEF-012345678902}.Release|x86.Build.0 = Release|Any CPU
		{D3E4F5A6-B7C8-9012-DEF0-123456789003}.Debug|Any CPU.ActiveCfg = Debug|Any CPU
		{D3E4F5A6-B7C8-9012-DEF0-123456789003}.Debug|Any CPU.Build.0 = Debug|Any CPU
		{D3E4F5A6-B7C8-9012-DEF0-123456789003}.Debug|x64.ActiveCfg = Debug|Any CPU
		{D3E4F5A6-B7C8-9012-DEF0-123456789003}.Debug|x64.Build.0 = Debug|Any CPU
		{D3E4F5A6-B7C8-9012-DEF0-123456789003}.Debug|x86.ActiveCfg = Debug|Any CPU
		{D3E4F5A6-B7C8-9012-DEF0-123456789003}.Debug|x86.Build.0 = Debug|Any CPU
		{D3E4F5A6-B7C8-9012-DEF0-123456789003}.Release|Any CPU.ActiveCfg = Release|Any CPU
		{D3E4F5A6-B7C8-9012-DEF0-123456789003}.Release|Any CPU.Build.0 = Release|Any CPU
		{D3E4F5A6-B7C8-9012-DEF0-123456789003}.Release|x64.ActiveCfg = Release|Any CPU
		{D3E4F5A6-B7C8-9012-DEF0-123456789003}.Release|x64.Build.0 = Release|Any CPU
		{D3E4F5A6-B7C8-9012-DEF0-123456789003}.Release|x86.ActiveCfg = Release|Any CPU
		{D3E4F5A6-B7C8-9012-DEF0-123456789003}.Release|x86.Build.0 = Release|Any CPU
		{E4F5A6B7-C8D9-0123-EF01-234567890A04}.Debug|Any CPU.ActiveCfg = Debug|Any CPU
		{E4F5A6B7-C8D9-0123-EF01-234567890A04}.Debug|Any CPU.Build.0 = Debug|Any CPU
		{E4F5A6B7-C8D9-0123-EF01-234567890A04}.Debug|x64.ActiveCfg = Debug|Any CPU
		{E4F5A6B7-C8D9-0123-EF01-234567890A04}.Debug|x64.Build.0 = Debug|Any CPU
		{E4F5A6B7-C8D9-0123-EF01-234567890A04}.Debug|x86.ActiveCfg = Debug|Any CPU
		{E4F5A6B7-C8D9-0123-EF01-234567890A04}.Debug|x86.Build.0 = Debug|Any CPU
		{E4F5A6B7-C8D9-0123-EF01-234567890A04}.Release|Any CPU.ActiveCfg = Release|Any CPU
		{E4F5A6B7-C8D9-0123-EF01-234567890A04}.Release|Any CPU.Build.0 = Release|Any CPU
		{E4F5A6B7-C8D9-0123-EF01-234567890A04}.Release|x64.ActiveCfg = Release|Any CPU
		{E4F5A6B7-C8D9-0123-EF01-234567890A04}.Release|x64.Build.0 = Release|Any CPU
		{E4F5A6B7-C8D9-0123-EF01-234567890A04}.Release|x86.ActiveCfg = Release|Any CPU
		{E4F5A6B7-C8D9-0123-EF01-234567890A04}.Release|x86.Build.0 = Release|Any CPU
		{0BB06E05-5C21-4A42-A59D-F73EF1A557FD}.Debug|Any CPU.ActiveCfg = Debug|Any CPU
		{0BB06E05-5C21-4A42-A59D-F73EF1A557FD}.Debug|Any CPU.Build.0 = Debug|Any CPU
		{0BB06E05-5C21-4A42-A59D-F73EF1A557FD}.Debug|x64.ActiveCfg = Debug|Any CPU
		{0BB06E05-5C21-4A42-A59D-F73EF1A557FD}.Debug|x64.Build.0 = Debug|Any CPU
		{0BB06E05-5C21-4A42-A59D-F73EF1A557FD}.Debug|x86.ActiveCfg = Debug|Any CPU
		{0BB06E05-5C21-4A42-A59D-F73EF1A557FD}.Debug|x86.Build.0 = Debug|Any CPU
		{0BB06E05-5C21-4A42-A59D-F73EF1A557FD}.Release|Any CPU.ActiveCfg = Release|Any CPU
		{0BB06E05-5C21-4A42-A59D-F73EF1A557FD}.Release|Any CPU.Build.0 = Release|Any CPU
		{0BB06E05-5C21-4A42-A59D-F73EF1A557FD}.Release|x64.ActiveCfg = Release|Any CPU
		{0BB06E05-5C21-4A42-A59D-F73EF1A557FD}.Release|x64.Build.0 = Release|Any CPU
		{0BB06E05-5C21-4A42-A59D-F73EF1A557FD}.Release|x86.ActiveCfg = Release|Any CPU
		{0BB06E05-5C21-4A42-A59D-F73EF1A557FD}.Release|x86.Build.0 = Release|Any CPU
	EndGlobalSection
	GlobalSection(SolutionProperties) = preSolution
		HideSolutionNode = FALSE
	EndGlobalSection
	GlobalSection(NestedProjects) = preSolution
		{D86D020C-A62D-45B1-98C0-8BD9EEE96D6C} = {827E0CD3-B72D-47B6-A68D-7590B98EB39B}
		{99B64F2D-F334-4ED3-B1F2-422253FA57EE} = {827E0CD3-B72D-47B6-A68D-7590B98EB39B}
		{E4F5A6B7-C8D9-0123-EF01-234567890A04} = {827E0CD3-B72D-47B6-A68D-7590B98EB39B}
	EndGlobalSection
EndGlobal
